
Microsoft Visual Studio Solution File, Format Version 12.00
# Visual Studio Version 16
VisualStudioVersion = 16.0.30128.36
MinimumVisualStudioVersion = 10.0.40219.1
Project("{FAE04EC0-301F-11D3-BF4B-00C04F79EFBC}") = "PInvoke", "PInvoke\PInvoke.csproj", "{79A6FE64-B3B7-4F48-B7ED-D5D4402802A4}"
EndProject
Global
	GlobalSection(SolutionConfigurationPlatforms) = preSolution
		Debug|Any CPU = Debug|Any CPU
		Release|Any CPU = Release|Any CPU
	EndGlobalSection
	GlobalSection(ProjectConfigurationPlatforms) = postSolution
		{79A6FE64-B3B7-4F48-B7ED-D5D4402802A4}.Debug|Any CPU.ActiveCfg = Debug|Any CPU
		{79A6FE64-B3B7-4F48-B7ED-D5D4402802A4}.Debug|Any CPU.Build.0 = Debug|Any CPU
		{79A6FE64-B3B7-4F48-B7ED-D5D4402802A4}.Release|Any CPU.ActiveCfg = Release|Any CPU
		{79A6FE64-B3B7-4F48-B7ED-D5D4402802A4}.Release|Any CPU.Build.0 = Release|Any CPU
	EndGlobalSection
	GlobalSection(SolutionProperties) = preSolution
		HideSolutionNode = FALSE
	EndGlobalSection
	GlobalSection(ExtensibilityGlobals) = postSolution
		SolutionGuid = {A4E99308-40A3-4E3A-ABB0-52E5C0B00577}
	EndGlobalSection
EndGlobal
