
Microsoft Visual Studio Solution File, Format Version 12.00
# Visual Studio Version 16
VisualStudioVersion = 16.0.30128.36
MinimumVisualStudioVersion = 10.0.40219.1
Project("{FAE04EC0-301F-11D3-BF4B-00C04F79EFBC}") = "MMF", "MMF\MMF.csproj", "{79870090-A133-4F99-8008-78EC172ABEB0}"
EndProject
Global
	GlobalSection(SolutionConfigurationPlatforms) = preSolution
		Debug|Any CPU = Debug|Any CPU
		Release|Any CPU = Release|Any CPU
	EndGlobalSection
	GlobalSection(ProjectConfigurationPlatforms) = postSolution
		{79870090-A133-4F99-8008-78EC172ABEB0}.Debug|Any CPU.ActiveCfg = Debug|Any CPU
		{79870090-A133-4F99-8008-78EC172ABEB0}.Debug|Any CPU.Build.0 = Debug|Any CPU
		{79870090-A133-4F99-8008-78EC172ABEB0}.Release|Any CPU.ActiveCfg = Release|Any CPU
		{79870090-A133-4F99-8008-78EC172ABEB0}.Release|Any CPU.Build.0 = Release|Any CPU
	EndGlobalSection
	GlobalSection(SolutionProperties) = preSolution
		HideSolutionNode = FALSE
	EndGlobalSection
	GlobalSection(ExtensibilityGlobals) = postSolution
		SolutionGuid = {78449DF1-30E9-4526-A035-BDF9EA54B441}
	EndGlobalSection
EndGlobal
